github.com/cyclone-github/base58 v1.0.1 h1:T11LCPf4qv4tZg9c6GL4iiN1GGeOQBC4Szudtz5dmCE=
github.com/cyclone-github/base58 v1.0.1/go.mod h1:hwV+09D9orDfxUj3/soTBr/Xwa/dinnLUQtMOxbbQN0=
github.com/ebfe/keccak v0.0.0-20150115210727-5cc570678d1b h1:BMyjwV6Fal/Ffphi4dJfulSxMeDl0xFS2vs5QLr6rsI=
github.com/ebfe/keccak v0.0.0-20150115210727-5cc570678d1b/go.mod h1:fnviDXB7GJWiSUI9thIXmk9QKM8Rhj1JV/LcMRzkiVA=
github.com/openwall/yescrypt-go v1.0.0 h1:jsGk48zkFvtUjGVOhYPGh+CS595JmTRcKnpggK2AON4=
github.com/openwall/yescrypt-go v1.0.0/go.mod h1:e6CWtFizUEOUttaOjeVMiv1lJaJie3mfOtLJ9CCD6sA=
golang.org/x/crypto v0.41.0 h1:WKYxWedPGCTVVl5+WHSSrOBT0O8lx32+zxmHxijgXp4=
golang.org/x/crypto v0.41.0/go.mod h1:pO5AFd7FA68rFak7rOAGVuygIISepHftHnr8dr6+sUc=
golang.org/x/sys v0.35.0 h1:vz1N37gP5bs89s7He8XuIYXpyY0+QlsKmzipCbUtyxI=
golang.org/x/sys v0.35.0/go.mod h1:BJP2sWEmIv4KK5OTEluFJCKSidICx8ciO85XgH3Ak8k=
